
Microsoft Visual Studio Solution File, Format Version 12.00
# Visual Studio 15
VisualStudioVersion = 15.0.28307.136
MinimumVisualStudioVersion = 10.0.40219.1
Project("{FAE04EC0-301F-11D3-BF4B-00C04F79EFBC}") = "QuickBuy.Dominio", "QuickBuy.Dominio\QuickBuy.Dominio.csproj", "{9B92FAED-28EA-4AA3-988A-FCC20E4E6B43}"
EndProject
Project("{FAE04EC0-301F-11D3-BF4B-00C04F79EFBC}") = "QuickBuy.Repositorio", "QuickBuy.Repositorio\QuickBuy.Repositorio.csproj", "{F359DE3A-0594-4B45-82AA-BC4E2A2E284E}"
EndProject
Project("{FAE04EC0-301F-11D3-BF4B-00C04F79EFBC}") = "QuickBuy.Web", "QuickBuy.Web\QuickBuy.Web.csproj", "{3BDE65F3-1596-4B4D-8B15-26D0A5BED0B6}"
EndProject
Global
	GlobalSection(SolutionConfigurationPlatforms) = preSolution
		Debug|Any CPU = Debug|Any CPU
		Release|Any CPU = Release|Any CPU
	EndGlobalSection
	GlobalSection(ProjectConfigurationPlatforms) = postSolution
		{9B92FAED-28EA-4AA3-988A-FCC20E4E6B43}.Debug|Any CPU.ActiveCfg = Debug|Any CPU
		{9B92FAED-28EA-4AA3-988A-FCC20E4E6B43}.Debug|Any CPU.Build.0 = Debug|Any CPU
		{9B92FAED-28EA-4AA3-988A-FCC20E4E6B43}.Release|Any CPU.ActiveCfg = Release|Any CPU
		{9B92FAED-28EA-4AA3-988A-FCC20E4E6B43}.Release|Any CPU.Build.0 = Release|Any CPU
		{F359DE3A-0594-4B45-82AA-BC4E2A2E284E}.Debug|Any CPU.ActiveCfg = Debug|Any CPU
		{F359DE3A-0594-4B45-82AA-BC4E2A2E284E}.Debug|Any CPU.Build.0 = Debug|Any CPU
		{F359DE3A-0594-4B45-82AA-BC4E2A2E284E}.Release|Any CPU.ActiveCfg = Release|Any CPU
		{F359DE3A-0594-4B45-82AA-BC4E2A2E284E}.Release|Any CPU.Build.0 = Release|Any CPU
		{3BDE65F3-1596-4B4D-8B15-26D0A5BED0B6}.Debug|Any CPU.ActiveCfg = Debug|Any CPU
		{3BDE65F3-1596-4B4D-8B15-26D0A5BED0B6}.Debug|Any CPU.Build.0 = Debug|Any CPU
		{3BDE65F3-1596-4B4D-8B15-26D0A5BED0B6}.Release|Any CPU.ActiveCfg = Release|Any CPU
		{3BDE65F3-1596-4B4D-8B15-26D0A5BED0B6}.Release|Any CPU.Build.0 = Release|Any CPU
	EndGlobalSection
	GlobalSection(SolutionProperties) = preSolution
		HideSolutionNode = FALSE
	EndGlobalSection
	GlobalSection(ExtensibilityGlobals) = postSolution
		SolutionGuid = {830F1ECB-E6C0-419D-B0BC-8E343C4D343B}
	EndGlobalSection
EndGlobal
